# @generated by Move, please check-in and do not edit manually.

[move]
version = 2
manifest_digest = "98A99398AFEE98D01F7CED635388340FCC6C3BFD3D289F0C46EA3862C7CB35A2"
deps_digest = "F8BBB0CCB2491CA29A3DF03D6F92277A4F3574266507ACD77214D37ECA3F3082"
dependencies = [
  { name = "Sui" },
]

[[move.package]]
name = "MoveStdlib"
source = { git = "https://github.com/MystenLabs/sui.git", rev = "framework/testnet", subdir = "crates/sui-framework/packages/move-stdlib" }

[[move.package]]
name = "Sui"
source = { git = "https://github.com/MystenLabs/sui.git", rev = "framework/testnet", subdir = "crates/sui-framework/packages/sui-framework" }

dependencies = [
  { name = "MoveStdlib" },
]

[move.toolchain-version]
compiler-version = "1.30.1"
edition = "2024.beta"
flavor = "sui"

[env]

[env.testnet]
chain-id = "4c78adac"
original-published-id = "0xe490bfccb48f099a58c9c26ff69670506dbafe4e6464a603dce54361079c93ad"
latest-published-id = "0xe490bfccb48f099a58c9c26ff69670506dbafe4e6464a603dce54361079c93ad"
published-version = "1"

[env.mainnet]
chain-id = "35834a8a"
original-published-id = "0xfbee03e1b23a1aeac2db56848787d5e0b539b63932607c74df98d0d9b82f6ba7"
latest-published-id = "0xfbee03e1b23a1aeac2db56848787d5e0b539b63932607c74df98d0d9b82f6ba7"
published-version = "1"
